<?xml version="1.0" encoding="utf-8"?>
<Project ToolsVersion="4.0" xmlns="http://schemas.microsoft.com/developer/msbuild/2003">
  <ItemGroup>
    <ClCompile Include="MaskObject.cpp">
      <Filter>Source Files</Filter>
    </ClCompile>
    <ClCompile Include="ObjectModeler.cpp">
      <Filter>Source Files</Filter>
    </ClCompile>
    <ClCompile Include="stdafx.cpp">
      <Filter>Source Files</Filter>
    </ClCompile>
    <ClCompile Include="histogramUtil.cpp">
      <Filter>Source Files</Filter>
    </ClCompile>
    <ClCompile Include="LearnHistogram.cpp">
      <Filter>Source Files</Filter>
    </ClCompile>
    <ClCompile Include="opencvUtil.cpp">
      <Filter>Source Files</Filter>
    </ClCompile>
    <ClCompile Include="main.cpp">
      <Filter>Source Files</Filter>
    </ClCompile>
    <ClCompile Include="OpenNIInput.cpp">
      <Filter>Source Files</Filter>
    </ClCompile>
    <ClCompile Include="CIsoSurface.cpp">
      <Filter>Marching Cubes</Filter>
    </ClCompile>
    <ClCompile Include="Vectors.cpp">
      <Filter>Marching Cubes</Filter>
    </ClCompile>
    <ClCompile Include="DisjointSet.cpp">
      <Filter>Source Files</Filter>
    </ClCompile>
    <ClCompile Include="PCLGrabberInput.cpp">
      <Filter>Source Files</Filter>
    </ClCompile>
    <ClCompile Include="Frustum.cpp">
      <Filter>Source Files</Filter>
    </ClCompile>
  </ItemGroup>
  <ItemGroup>
    <ClInclude Include="cloudToImage.hpp">
      <Filter>Header Files</Filter>
    </ClInclude>
    <ClInclude Include="opencv_eigen.hpp">
      <Filter>Header Files</Filter>
    </ClInclude>
    <ClInclude Include="ObjectModeler.h">
      <Filter>Header Files</Filter>
    </ClInclude>
    <ClInclude Include="runningStatistics.h">
      <Filter>Header Files</Filter>
    </ClInclude>
    <ClInclude Include="parameters.h">
      <Filter>Header Files</Filter>
    </ClInclude>
    <ClInclude Include="stdafx.h">
      <Filter>Header Files</Filter>
    </ClInclude>
    <ClInclude Include="targetver.h">
      <Filter>Header Files</Filter>
    </ClInclude>
    <ClInclude Include="ToggleCloud.hpp">
      <Filter>Header Files</Filter>
    </ClInclude>
    <ClInclude Include="ToggleNormals.hpp">
      <Filter>Header Files</Filter>
    </ClInclude>
    <ClInclude Include="ToggleCloudNormals.hpp">
      <Filter>Header Files</Filter>
    </ClInclude>
    <ClInclude Include="ToggleLineSet.hpp">
      <Filter>Header Files</Filter>
    </ClInclude>
    <ClInclude Include="typedefs.h">
      <Filter>Header Files</Filter>
    </ClInclude>
    <ClInclude Include="MaskObject.h">
      <Filter>Header Files</Filter>
    </ClInclude>
    <ClInclude Include="histogramUtil.h">
      <Filter>Header Files</Filter>
    </ClInclude>
    <ClInclude Include="LearnHistogram.h">
      <Filter>Header Files</Filter>
    </ClInclude>
    <ClInclude Include="opencvUtil.h">
      <Filter>Header Files</Filter>
    </ClInclude>
    <ClInclude Include="pclUtil.hpp">
      <Filter>Header Files</Filter>
    </ClInclude>
    <ClInclude Include="OpenNIInput.h">
      <Filter>Header Files</Filter>
    </ClInclude>
    <ClInclude Include="Vectors.h">
      <Filter>Marching Cubes</Filter>
    </ClInclude>
    <ClInclude Include="CIsoSurface.h">
      <Filter>Marching Cubes</Filter>
    </ClInclude>
    <ClInclude Include="ToggleMesh.hpp">
      <Filter>Header Files</Filter>
    </ClInclude>
    <ClInclude Include="DisjointSet.h">
      <Filter>Header Files</Filter>
    </ClInclude>
    <ClInclude Include="ToggleBase.hpp">
      <Filter>Header Files</Filter>
    </ClInclude>
    <ClInclude Include="PCLGrabberInput.h">
      <Filter>Header Files</Filter>
    </ClInclude>
    <ClInclude Include="Frustum.h">
      <Filter>Header Files</Filter>
    </ClInclude>
    <ClInclude Include="Keypoints.hpp">
      <Filter>Header Files</Filter>
    </ClInclude>
    <ClInclude Include="Frame.hpp">
      <Filter>Header Files</Filter>
    </ClInclude>
  </ItemGroup>
  <ItemGroup>
    <Filter Include="Header Files">
      <UniqueIdentifier>{e5e40233-6c80-443a-b9bc-e91aaab9691a}</UniqueIdentifier>
    </Filter>
    <Filter Include="Source Files">
      <UniqueIdentifier>{baeacc3f-0416-47c0-98f7-433fb4d8b303}</UniqueIdentifier>
    </Filter>
    <Filter Include="Python">
      <UniqueIdentifier>{f2db5403-c9b7-4943-b4d8-63b6d05b11fa}</UniqueIdentifier>
    </Filter>
    <Filter Include="Marching Cubes">
      <UniqueIdentifier>{94b139a2-e3c0-4cfe-bc63-147d54ecbd73}</UniqueIdentifier>
    </Filter>
  </ItemGroup>
  <ItemGroup>
    <None Include="analyze.py">
      <Filter>Python</Filter>
    </None>
    <None Include="batch_model.py">
      <Filter>Python</Filter>
    </None>
  </ItemGroup>
</Project>